
Microsoft Visual Studio Solution File, Format Version 12.00
# Visual Studio Version 16
VisualStudioVersion = 16.0.31410.357
MinimumVisualStudioVersion = 10.0.40219.1
Project("{FAE04EC0-301F-11D3-BF4B-00C04F79EFBC}") = "WebApplication1", "WebApplication1\WebApplication1.csproj", "{014B2662-D417-4E39-B552-A69A6786D379}"
EndProject
Global
	GlobalSection(SolutionConfigurationPlatforms) = preSolution
		Debug|Any CPU = Debug|Any CPU
		Release|Any CPU = Release|Any CPU
	EndGlobalSection
	GlobalSection(ProjectConfigurationPlatforms) = postSolution
		{014B2662-D417-4E39-B552-A69A6786D379}.Debug|Any CPU.ActiveCfg = Debug|Any CPU
		{014B2662-D417-4E39-B552-A69A6786D379}.Debug|Any CPU.Build.0 = Debug|Any CPU
		{014B2662-D417-4E39-B552-A69A6786D379}.Release|Any CPU.ActiveCfg = Release|Any CPU
		{014B2662-D417-4E39-B552-A69A6786D379}.Release|Any CPU.Build.0 = Release|Any CPU
	EndGlobalSection
	GlobalSection(SolutionProperties) = preSolution
		HideSolutionNode = FALSE
	EndGlobalSection
	GlobalSection(ExtensibilityGlobals) = postSolution
		SolutionGuid = {654BF50F-D611-4308-9F04-7C770378D677}
	EndGlobalSection
EndGlobal
